
Microsoft Visual Studio Solution File, Format Version 12.00
# Visual Studio Version 17
VisualStudioVersion = 17.5.002.0
MinimumVisualStudioVersion = 10.0.40219.1
Project("{9A19103F-16F7-4668-BE54-9A1E7A4F7556}") = "c_sharp_console_demo", "c_sharp_console_demo.csproj", "{2C87B72A-5E26-407B-AC1A-79F07FDB0C09}"
EndProject
Global
	GlobalSection(SolutionConfigurationPlatforms) = preSolution
		Debug|Any CPU = Debug|Any CPU
		Release|Any CPU = Release|Any CPU
	EndGlobalSection
	GlobalSection(ProjectConfigurationPlatforms) = postSolution
		{2C87B72A-5E26-407B-AC1A-79F07FDB0C09}.Debug|Any CPU.ActiveCfg = Debug|Any CPU
		{2C87B72A-5E26-407B-AC1A-79F07FDB0C09}.Debug|Any CPU.Build.0 = Debug|Any CPU
		{2C87B72A-5E26-407B-AC1A-79F07FDB0C09}.Release|Any CPU.ActiveCfg = Release|Any CPU
		{2C87B72A-5E26-407B-AC1A-79F07FDB0C09}.Release|Any CPU.Build.0 = Release|Any CPU
	EndGlobalSection
	GlobalSection(SolutionProperties) = preSolution
		HideSolutionNode = FALSE
	EndGlobalSection
	GlobalSection(ExtensibilityGlobals) = postSolution
		SolutionGuid = {BD6320FE-FFAD-44A0-B222-587F1BC69322}
	EndGlobalSection
EndGlobal
